
Microsoft Visual Studio Solution File, Format Version 12.00
# Visual Studio Version 16
VisualStudioVersion = 16.0.29306.81
MinimumVisualStudioVersion = 10.0.40219.1
Project("{FAE04EC0-301F-11D3-BF4B-00C04F79EFBC}") = "Language_2ISP11-17_DanArt_ArtZey", "Language_2ISP11-17_DanArt_ArtZey.csproj", "{60A8274A-9D9F-41E1-BE8C-0DF9D1CD6406}"
EndProject
Global
	GlobalSection(SolutionConfigurationPlatforms) = preSolution
		Debug|Any CPU = Debug|Any CPU
		Release|Any CPU = Release|Any CPU
	EndGlobalSection
	GlobalSection(ProjectConfigurationPlatforms) = postSolution
		{60A8274A-9D9F-41E1-BE8C-0DF9D1CD6406}.Debug|Any CPU.ActiveCfg = Debug|Any CPU
		{60A8274A-9D9F-41E1-BE8C-0DF9D1CD6406}.Debug|Any CPU.Build.0 = Debug|Any CPU
		{60A8274A-9D9F-41E1-BE8C-0DF9D1CD6406}.Release|Any CPU.ActiveCfg = Release|Any CPU
		{60A8274A-9D9F-41E1-BE8C-0DF9D1CD6406}.Release|Any CPU.Build.0 = Release|Any CPU
	EndGlobalSection
	GlobalSection(SolutionProperties) = preSolution
		HideSolutionNode = FALSE
	EndGlobalSection
	GlobalSection(ExtensibilityGlobals) = postSolution
		SolutionGuid = {0825C2E5-D697-457D-BE55-B9980E4C4E2E}
	EndGlobalSection
EndGlobal
